
Microsoft Visual Studio Solution File, Format Version 12.00
# Visual Studio Version 17
VisualStudioVersion = 17.8.34408.163
MinimumVisualStudioVersion = 10.0.40219.1
Project("{FAE04EC0-301F-11D3-BF4B-00C04F79EFBC}") = "PracticaProgramada2_JuanDiegoSanchez", "PracticaProgramada2_JuanDiegoSanchez.csproj", "{D8364185-0177-41D2-A10B-C8671CBD03DE}"
EndProject
Global
	GlobalSection(SolutionConfigurationPlatforms) = preSolution
		Debug|Any CPU = Debug|Any CPU
		Release|Any CPU = Release|Any CPU
	EndGlobalSection
	GlobalSection(ProjectConfigurationPlatforms) = postSolution
		{D8364185-0177-41D2-A10B-C8671CBD03DE}.Debug|Any CPU.ActiveCfg = Debug|Any CPU
		{D8364185-0177-41D2-A10B-C8671CBD03DE}.Debug|Any CPU.Build.0 = Debug|Any CPU
		{D8364185-0177-41D2-A10B-C8671CBD03DE}.Release|Any CPU.ActiveCfg = Release|Any CPU
		{D8364185-0177-41D2-A10B-C8671CBD03DE}.Release|Any CPU.Build.0 = Release|Any CPU
	EndGlobalSection
	GlobalSection(SolutionProperties) = preSolution
		HideSolutionNode = FALSE
	EndGlobalSection
	GlobalSection(ExtensibilityGlobals) = postSolution
		SolutionGuid = {2BD58D72-A1FF-4C9A-B073-2C247A7CF988}
	EndGlobalSection
EndGlobal
